
Microsoft Visual Studio Solution File, Format Version 12.00
# Visual Studio Version 17
VisualStudioVersion = 17.9.34714.143
MinimumVisualStudioVersion = 10.0.40219.1
Project("{9A19103F-16F7-4668-BE54-9A1E7A4F7556}") = "ConsoleApp", "ConsoleApp\ConsoleApp.csproj", "{2C7DD6D4-B903-4952-A737-7B93A5DEB165}"
EndProject
Project("{9A19103F-16F7-4668-BE54-9A1E7A4F7556}") = "DesktopF1Game", "DesktopF1Game\DesktopF1Game.csproj", "{2F2579D8-785B-4E6F-A582-BBDF2DA3F585}"
EndProject
Project("{FAE04EC0-301F-11D3-BF4B-00C04F79EFBC}") = "GameClass", "GameClass\GameClass.csproj", "{F8E8954A-C3D6-4F7D-AB72-89FDE8386B5C}"
EndProject
Global
	GlobalSection(SolutionConfigurationPlatforms) = preSolution
		Debug|Any CPU = Debug|Any CPU
		Release|Any CPU = Release|Any CPU
	EndGlobalSection
	GlobalSection(ProjectConfigurationPlatforms) = postSolution
		{2C7DD6D4-B903-4952-A737-7B93A5DEB165}.Debug|Any CPU.ActiveCfg = Debug|Any CPU
		{2C7DD6D4-B903-4952-A737-7B93A5DEB165}.Debug|Any CPU.Build.0 = Debug|Any CPU
		{2C7DD6D4-B903-4952-A737-7B93A5DEB165}.Release|Any CPU.ActiveCfg = Release|Any CPU
		{2C7DD6D4-B903-4952-A737-7B93A5DEB165}.Release|Any CPU.Build.0 = Release|Any CPU
		{2F2579D8-785B-4E6F-A582-BBDF2DA3F585}.Debug|Any CPU.ActiveCfg = Debug|Any CPU
		{2F2579D8-785B-4E6F-A582-BBDF2DA3F585}.Debug|Any CPU.Build.0 = Debug|Any CPU
		{2F2579D8-785B-4E6F-A582-BBDF2DA3F585}.Release|Any CPU.ActiveCfg = Release|Any CPU
		{2F2579D8-785B-4E6F-A582-BBDF2DA3F585}.Release|Any CPU.Build.0 = Release|Any CPU
		{F8E8954A-C3D6-4F7D-AB72-89FDE8386B5C}.Debug|Any CPU.ActiveCfg = Debug|Any CPU
		{F8E8954A-C3D6-4F7D-AB72-89FDE8386B5C}.Debug|Any CPU.Build.0 = Debug|Any CPU
		{F8E8954A-C3D6-4F7D-AB72-89FDE8386B5C}.Release|Any CPU.ActiveCfg = Release|Any CPU
		{F8E8954A-C3D6-4F7D-AB72-89FDE8386B5C}.Release|Any CPU.Build.0 = Release|Any CPU
	EndGlobalSection
	GlobalSection(SolutionProperties) = preSolution
		HideSolutionNode = FALSE
	EndGlobalSection
	GlobalSection(ExtensibilityGlobals) = postSolution
		SolutionGuid = {126F3A27-844B-4775-874B-501B399AA953}
	EndGlobalSection
EndGlobal
